// !$*UTF8*$!
{
	archiveVersion = 1;
	classes = {
	};
	objectVersion = 77;
	objects = {

/* Begin PBXContainerItemProxy section */
		C6CBC2B12F23D00C003D53C0 /* PBXContainerItemProxy */ = {
			isa = PBXContainerItemProxy;
			containerPortal = C6CBC29B2F23D00B003D53C0 /* Project object */;
			proxyType = 1;
			remoteGlobalIDString = C6CBC2A22F23D00B003D53C0;
			remoteInfo = "GRE Verbal";
		};
		C6CBC2BB2F23D00C003D53C0 /* PBXContainerItemProxy */ = {
			isa = PBXContainerItemProxy;
			containerPortal = C6CBC29B2F23D00B003D53C0 /* Project object */;
			proxyType = 1;
			remoteGlobalIDString = C6CBC2A22F23D00B003D53C0;
			remoteInfo = "GRE Verbal";
		};
/* End PBXContainerItemProxy section */

/* Begin PBXFileReference section */
		C6CBC2A32F23D00B003D53C0 /* GRE Verbal.app */ = {isa = PBXFileReference; explicitFileType = wrapper.application; includeInIndex = 0; path = "GRE Verbal.app"; sourceTree = BUILT_PRODUCTS_DIR; };
		C6CBC2B02F23D00C003D53C0 /* GRE VerbalTests.xctest */ = {isa = PBXFileReference; explicitFileType = wrapper.cfbundle; includeInIndex = 0; path = "GRE VerbalTests.xctest"; sourceTree = BUILT_PRODUCTS_DIR; };
		C6CBC2BA2F23D00C003D53C0 /* GRE VerbalUITests.xctest */ = {isa = PBXFileReference; explicitFileType = wrapper.cfbundle; includeInIndex = 0; path = "GRE VerbalUITests.xctest"; sourceTree = BUILT_PRODUCTS_DIR; };
/* End PBXFileReference section */

/* Begin PBXFileSystemSynchronizedRootGroup section */
		C6CBC2A52F23D00B003D53C0 /* GRE Verbal */ = {
			isa = PBXFileSystemSynchronizedRootGroup;
			path = "GRE Verbal";
			sourceTree = "<group>";
		};
		C6CBC2B32F23D00C003D53C0 /* GRE VerbalTests */ = {
			isa = PBXFileSystemSynchronizedRootGroup;
			path = "GRE VerbalTests";
			sourceTree = "<group>";
		};
		C6CBC2BD2F23D00C003D53C0 /* GRE VerbalUITests */ = {
			isa = PBXFileSystemSynchronizedRootGroup;
			path = "GRE VerbalUITests";
			sourceTree = "<group>";
		};
/* End PBXFileSystemSynchronizedRootGroup section */

/* Begin PBXFrameworksBuildPhase section */
		C6CBC2A02F23D00B003D53C0 /* Frameworks */ = {
			isa = PBXFrameworksBuildPhase;
			buildActionMask = 2147483647;
			files = (
			);
			runOnlyForDeploymentPostprocessing = 0;
		};
		C6CBC2AD2F23D00C003D53C0 /* Frameworks */ = {
			isa = PBXFrameworksBuildPhase;
			buildActionMask = 2147483647;
			files = (
			);
			runOnlyForDeploymentPostprocessing = 0;
		};
		C6CBC2B72F23D00C003D53C0 /* Frameworks */ = {
			isa = PBXFrameworksBuildPhase;
			buildActionMask = 2147483647;
			files = (
			);
			runOnlyForDeploymentPostprocessing = 0;
		};
/* End PBXFrameworksBuildPhase section */

/* Begin PBXGroup section */
		C6CBC29A2F23D00B003D53C0 = {
			isa = PBXGroup;
			children = (
				C6CBC2A52F23D00B003D53C0 /* GRE Verbal */,
				C6CBC2B32F23D00C003D53C0 /* GRE VerbalTests */,
				C6CBC2BD2F23D00C003D53C0 /* GRE VerbalUITests */,
				C6CBC2A42F23D00B003D53C0 /* Products */,
			);
			sourceTree = "<group>";
		};
		C6CBC2A42F23D00B003D53C0 /* Products */ = {
			isa = PBXGroup;
			children = (
				C6CBC2A32F23D00B003D53C0 /* GRE Verbal.app */,
				C6CBC2B02F23D00C003D53C0 /* GRE VerbalTests.xctest */,
				C6CBC2BA2F23D00C003D53C0 /* GRE VerbalUITests.xctest */,
			);
			name = Products;
			sourceTree = "<group>";
		};
/* End PBXGroup section */

/* Begin PBXNativeTarget section */
		C6CBC2A22F23D00B003D53C0 /* GRE Verbal */ = {
			isa = PBXNativeTarget;
			buildConfigurationList = C6CBC2C42F23D00C003D53C0 /* Build configuration list for PBXNativeTarget "GRE Verbal" */;
			buildPhases = (
				C6CBC29F2F23D00B003D53C0 /* Sources */,
				C6CBC2A02F23D00B003D53C0 /* Frameworks */,
				C6CBC2A12F23D00B003D53C0 /* Resources */,
			);
			buildRules = (
			);
			dependencies = (
			);
			fileSystemSynchronizedGroups = (
				C6CBC2A52F23D00B003D53C0 /* GRE Verbal */,
			);
			name = "GRE Verbal";
			packageProductDependencies = (
			);
			productName = "GRE Verbal";
			productReference = C6CBC2A32F23D00B003D53C0 /* GRE Verbal.app */;
			productType = "com.apple.product-type.application";
		};
		C6CBC2AF2F23D00C003D53C0 /* GRE VerbalTests */ = {
			isa = PBXNativeTarget;
			buildConfigurationList = C6CBC2C72F23D00C003D53C0 /* Build configuration list for PBXNativeTarget "GRE VerbalTests" */;
			buildPhases = (
				C6CBC2AC2F23D00C003D53C0 /* Sources */,
				C6CBC2AD2F23D00C003D53C0 /* Frameworks */,
				C6CBC2AE2F23D00C003D53C0 /* Resources */,
			);
			buildRules = (
			);
			dependencies = (
				C6CBC2B22F23D00C003D53C0 /* PBXTargetDependency */,
			);
			fileSystemSynchronizedGroups = (
				C6CBC2B32F23D00C003D53C0 /* GRE VerbalTests */,
			);
			name = "GRE VerbalTests";
			packageProductDependencies = (
			);
			productName = "GRE VerbalTests";
			productReference = C6CBC2B02F23D00C003D53C0 /* GRE VerbalTests.xctest */;
			productType = "com.apple.product-type.bundle.unit-test";
		};
		C6CBC2B92F23D00C003D53C0 /* GRE VerbalUITests */ = {
			isa = PBXNativeTarget;
			buildConfigurationList = C6CBC2CA2F23D00C003D53C0 /* Build configuration list for PBXNativeTarget "GRE VerbalUITests" */;
			buildPhases = (
				C6CBC2B62F23D00C003D53C0 /* Sources */,
				C6CBC2B72F23D00C003D53C0 /* Frameworks */,
				C6CBC2B82F23D00C003D53C0 /* Resources */,
			);
			buildRules = (
			);
			dependencies = (
				C6CBC2BC2F23D00C003D53C0 /* PBXTargetDependency */,
			);
			fileSystemSynchronizedGroups = (
				C6CBC2BD2F23D00C003D53C0 /* GRE VerbalUITests */,
			);
			name = "GRE VerbalUITests";
			packageProductDependencies = (
			);
			productName = "GRE VerbalUITests";
			productReference = C6CBC2BA2F23D00C003D53C0 /* GRE VerbalUITests.xctest */;
			productType = "com.apple.product-type.bundle.ui-testing";
		};
/* End PBXNativeTarget section */

/* Begin PBXProject section */
		C6CBC29B2F23D00B003D53C0 /* Project object */ = {
			isa = PBXProject;
			attributes = {
				BuildIndependentTargetsInParallel = 1;
				LastSwiftUpdateCheck = 2600;
				LastUpgradeCheck = 2600;
				TargetAttributes = {
					C6CBC2A22F23D00B003D53C0 = {
						CreatedOnToolsVersion = 26.0.1;
					};
					C6CBC2AF2F23D00C003D53C0 = {
						CreatedOnToolsVersion = 26.0.1;
						TestTargetID = C6CBC2A22F23D00B003D53C0;
					};
					C6CBC2B92F23D00C003D53C0 = {
						CreatedOnToolsVersion = 26.0.1;
						TestTargetID = C6CBC2A22F23D00B003D53C0;
					};
				};
			};
			buildConfigurationList = C6CBC29E2F23D00B003D53C0 /* Build configuration list for PBXProject "GRE Verbal" */;
			developmentRegion = en;
			hasScannedForEncodings = 0;
			knownRegions = (
				en,
				Base,
			);
			mainGroup = C6CBC29A2F23D00B003D53C0;
			minimizedProjectReferenceProxies = 1;
			preferredProjectObjectVersion = 77;
			productRefGroup = C6CBC2A42F23D00B003D53C0 /* Products */;
			projectDirPath = "";
			projectRoot = "";
			targets = (
				C6CBC2A22F23D00B003D53C0 /* GRE Verbal */,
				C6CBC2AF2F23D00C003D53C0 /* GRE VerbalTests */,
				C6CBC2B92F23D00C003D53C0 /* GRE VerbalUITests */,
			);
		};
/* End PBXProject section */

/* Begin PBXResourcesBuildPhase section */
		C6CBC2A12F23D00B003D53C0 /* Resources */ = {
			isa = PBXResourcesBuildPhase;
			buildActionMask = 2147483647;
			files = (
			);
			runOnlyForDeploymentPostprocessing = 0;
		};
		C6CBC2AE2F23D00C003D53C0 /* Resources */ = {
			isa = PBXResourcesBuildPhase;
			buildActionMask = 2147483647;
			files = (
			);
			runOnlyForDeploymentPostprocessing = 0;
		};
		C6CBC2B82F23D00C003D53C0 /* Resources */ = {
			isa = PBXResourcesBuildPhase;
			buildActionMask = 2147483647;
			files = (
			);
			runOnlyForDeploymentPostprocessing = 0;
		};
/* End PBXResourcesBuildPhase section */

/* Begin PBXSourcesBuildPhase section */
		C6CBC29F2F23D00B003D53C0 /* Sources */ = {
			isa = PBXSourcesBuildPhase;
			buildActionMask = 2147483647;
			files = (
			);
			runOnlyForDeploymentPostprocessing = 0;
		};
		C6CBC2AC2F23D00C003D53C0 /* Sources */ = {
			isa = PBXSourcesBuildPhase;
			buildActionMask = 2147483647;
			files = (
			);
			runOnlyForDeploymentPostprocessing = 0;
		};
		C6CBC2B62F23D00C003D53C0 /* Sources */ = {
			isa = PBXSourcesBuildPhase;
			buildActionMask = 2147483647;
			files = (
			);
			runOnlyForDeploymentPostprocessing = 0;
		};
/* End PBXSourcesBuildPhase section */

/* Begin PBXTargetDependency section */
		C6CBC2B22F23D00C003D53C0 /* PBXTargetDependency */ = {
			isa = PBXTargetDependency;
			target = C6CBC2A22F23D00B003D53C0 /* GRE Verbal */;
			targetProxy = C6CBC2B12F23D00C003D53C0 /* PBXContainerItemProxy */;
		};
		C6CBC2BC2F23D00C003D53C0 /* PBXTargetDependency */ = {
			isa = PBXTargetDependency;
			target = C6CBC2A22F23D00B003D53C0 /* GRE Verbal */;
			targetProxy = C6CBC2BB2F23D00C003D53C0 /* PBXContainerItemProxy */;
		};
/* End PBXTargetDependency section */

/* Begin XCBuildConfiguration section */
		C6CBC2C22F23D00C003D53C0 /* Debug */ = {
			isa = XCBuildConfiguration;
			buildSettings = {
				ALWAYS_SEARCH_USER_PATHS = NO;
				ASSETCATALOG_COMPILER_GENERATE_SWIFT_ASSET_SYMBOL_EXTENSIONS = YES;
				CLANG_ANALYZER_NONNULL = YES;
				CLANG_ANALYZER_NUMBER_OBJECT_CONVERSION = YES_AGGRESSIVE;
				CLANG_CXX_LANGUAGE_STANDARD = "gnu++20";
				CLANG_ENABLE_MODULES = YES;
				CLANG_ENABLE_OBJC_ARC = YES;
				CLANG_ENABLE_OBJC_WEAK = YES;
				CLANG_WARN_BLOCK_CAPTURE_AUTORELEASING = YES;
				CLANG_WARN_BOOL_CONVERSION = YES;
				CLANG_WARN_COMMA = YES;
				CLANG_WARN_CONSTANT_CONVERSION = YES;
				CLANG_WARN_DEPRECATED_OBJC_IMPLEMENTATIONS = YES;
				CLANG_WARN_DIRECT_OBJC_ISA_USAGE = YES_ERROR;
				CLANG_WARN_DOCUMENTATION_COMMENTS = YES;
				CLANG_WARN_EMPTY_BODY = YES;
				CLANG_WARN_ENUM_CONVERSION = YES;
				CLANG_WARN_INFINITE_RECURSION = YES;
				CLANG_WARN_INT_CONVERSION = YES;
				CLANG_WARN_NON_LITERAL_NULL_CONVERSION = YES;
				CLANG_WARN_OBJC_IMPLICIT_RETAIN_SELF = YES;
				CLANG_WARN_OBJC_LITERAL_CONVERSION = YES;
				CLANG_WARN_OBJC_ROOT_CLASS = YES_ERROR;
				CLANG_WARN_QUOTED_INCLUDE_IN_FRAMEWORK_HEADER = YES;
				CLANG_WARN_RANGE_LOOP_ANALYSIS = YES;
				CLANG_WARN_STRICT_PROTOTYPES = YES;
				CLANG_WARN_SUSPICIOUS_MOVE = YES;
				CLANG_WARN_UNGUARDED_AVAILABILITY = YES_AGGRESSIVE;
				CLANG_WARN_UNREACHABLE_CODE = YES;
				CLANG_WARN__DUPLICATE_METHOD_MATCH = YES;
				COPY_PHASE_STRIP = NO;
				DEBUG_INFORMATION_FORMAT = dwarf;
				DEVELOPMENT_TEAM = WMWM33Z53V;
				ENABLE_STRICT_OBJC_MSGSEND = YES;
				ENABLE_TESTABILITY = YES;
				ENABLE_USER_SCRIPT_SANDBOXING = YES;
				GCC_C_LANGUAGE_STANDARD = gnu17;
				GCC_DYNAMIC_NO_PIC = NO;
				GCC_NO_COMMON_BLOCKS = YES;
				GCC_OPTIMIZATION_LEVEL = 0;
				GCC_PREPROCESSOR_DEFINITIONS = (
					"DEBUG=1",
					"$(inherited)",
				);
				GCC_WARN_64_TO_32_BIT_CONVERSION = YES;
				GCC_WARN_ABOUT_RETURN_TYPE = YES_ERROR;
				GCC_WARN_UNDECLARED_SELECTOR = YES;
				GCC_WARN_UNINITIALIZED_AUTOS = YES_AGGRESSIVE;
				GCC_WARN_UNUSED_FUNCTION = YES;
				GCC_WARN_UNUSED_VARIABLE = YES;
				IPHONEOS_DEPLOYMENT_TARGET = 26.0;
				LOCALIZATION_PREFERS_STRING_CATALOGS = YES;
				MTL_ENABLE_DEBUG_INFO = INCLUDE_SOURCE;
				MTL_FAST_MATH = YES;
				ONLY_ACTIVE_ARCH = YES;
				SDKROOT = iphoneos;
				SWIFT_ACTIVE_COMPILATION_CONDITIONS = "DEBUG $(inherited)";
				SWIFT_OPTIMIZATION_LEVEL = "-Onone";
			};
			name = Debug;
		};
		C6CBC2C32F23D00C003D53C0 /* Release */ = {
			isa = XCBuildConfiguration;
			buildSettings = {
				ALWAYS_SEARCH_USER_PATHS = NO;
				ASSETCATALOG_COMPILER_GENERATE_SWIFT_ASSET_SYMBOL_EXTENSIONS = YES;
				CLANG_ANALYZER_NONNULL = YES;
				CLANG_ANALYZER_NUMBER_OBJECT_CONVERSION = YES_AGGRESSIVE;
				CLANG_CXX_LANGUAGE_STANDARD = "gnu++20";
				CLANG_ENABLE_MODULES = YES;
				CLANG_ENABLE_OBJC_ARC = YES;
				CLANG_ENABLE_OBJC_WEAK = YES;
				CLANG_WARN_BLOCK_CAPTURE_AUTORELEASING = YES;
				CLANG_WARN_BOOL_CONVERSION = YES;
				CLANG_WARN_COMMA = YES;
				CLANG_WARN_CONSTANT_CONVERSION = YES;
				CLANG_WARN_DEPRECATED_OBJC_IMPLEMENTATIONS = YES;
				CLANG_WARN_DIRECT_OBJC_ISA_USAGE = YES_ERROR;
				CLANG_WARN_DOCUMENTATION_COMMENTS = YES;
				CLANG_WARN_EMPTY_BODY = YES;
				CLANG_WARN_ENUM_CONVERSION = YES;
				CLANG_WARN_INFINITE_RECURSION = YES;
				CLANG_WARN_INT_CONVERSION = YES;
				CLANG_WARN_NON_LITERAL_NULL_CONVERSION = YES;
				CLANG_WARN_OBJC_IMPLICIT_RETAIN_SELF = YES;
				CLANG_WARN_OBJC_LITERAL_CONVERSION = YES;
				CLANG_WARN_OBJC_ROOT_CLASS = YES_ERROR;
				CLANG_WARN_QUOTED_INCLUDE_IN_FRAMEWORK_HEADER = YES;
				CLANG_WARN_RANGE_LOOP_ANALYSIS = YES;
				CLANG_WARN_STRICT_PROTOTYPES = YES;
				CLANG_WARN_SUSPICIOUS_MOVE = YES;
				CLANG_WARN_UNGUARDED_AVAILABILITY = YES_AGGRESSIVE;
				CLANG_WARN_UNREACHABLE_CODE = YES;
				CLANG_WARN__DUPLICATE_METHOD_MATCH = YES;
				COPY_PHASE_STRIP = NO;
				DEBUG_INFORMATION_FORMAT = "dwarf-with-dsym";
				DEVELOPMENT_TEAM = WMWM33Z53V;
				ENABLE_NS_ASSERTIONS = NO;
				ENABLE_STRICT_OBJC_MSGSEND = YES;
				ENABLE_USER_SCRIPT_SANDBOXING = YES;
				GCC_C_LANGUAGE_STANDARD = gnu17;
				GCC_NO_COMMON_BLOCKS = YES;
				GCC_WARN_64_TO_32_BIT_CONVERSION = YES;
				GCC_WARN_ABOUT_RETURN_TYPE = YES_ERROR;
				GCC_WARN_UNDECLARED_SELECTOR = YES;
				GCC_WARN_UNINITIALIZED_AUTOS = YES_AGGRESSIVE;
				GCC_WARN_UNUSED_FUNCTION = YES;
				GCC_WARN_UNUSED_VARIABLE = YES;
				IPHONEOS_DEPLOYMENT_TARGET = 26.0;
				LOCALIZATION_PREFERS_STRING_CATALOGS = YES;
				MTL_ENABLE_DEBUG_INFO = NO;
				MTL_FAST_MATH = YES;
				SDKROOT = iphoneos;
				SWIFT_COMPILATION_MODE = wholemodule;
				VALIDATE_PRODUCT = YES;
			};
			name = Release;
		};
		C6CBC2C52F23D00C003D53C0 /* Debug */ = {
			isa = XCBuildConfiguration;
			buildSettings = {
				ASSETCATALOG_COMPILER_APPICON_NAME = AppIcon;
				ASSETCATALOG_COMPILER_GLOBAL_ACCENT_COLOR_NAME = AccentColor;
				CODE_SIGN_STYLE = Automatic;
				CURRENT_PROJECT_VERSION = 1;
				DEVELOPMENT_TEAM = WMWM33Z53V;
				ENABLE_PREVIEWS = YES;
				GENERATE_INFOPLIST_FILE = YES;
				INFOPLIST_KEY_UIApplicationSceneManifest_Generation = YES;
				INFOPLIST_KEY_UIApplicationSupportsIndirectInputEvents = YES;
				INFOPLIST_KEY_UILaunchScreen_Generation = YES;
				INFOPLIST_KEY_UISupportedInterfaceOrientations_iPad = "UIInterfaceOrientationPortrait UIInterfaceOrientationPortraitUpsideDown UIInterfaceOrientationLandscapeLeft UIInterfaceOrientationLandscapeRight";
				INFOPLIST_KEY_UISupportedInterfaceOrientations_iPhone = "UIInterfaceOrientationPortrait UIInterfaceOrientationLandscapeLeft UIInterfaceOrientationLandscapeRight";
				LD_RUNPATH_SEARCH_PATHS = (
					"$(inherited)",
					"@executable_path/Frameworks",
				);
				MARKETING_VERSION = 1.0;
				PRODUCT_BUNDLE_IDENTIFIER = "molivares.GRE-Verbal";
				PRODUCT_NAME = "$(TARGET_NAME)";
				STRING_CATALOG_GENERATE_SYMBOLS = YES;
				SWIFT_APPROACHABLE_CONCURRENCY = YES;
				SWIFT_DEFAULT_ACTOR_ISOLATION = MainActor;
				SWIFT_EMIT_LOC_STRINGS = YES;
				SWIFT_UPCOMING_FEATURE_MEMBER_IMPORT_VISIBILITY = YES;
				SWIFT_VERSION = 5.0;
				TARGETED_DEVICE_FAMILY = "1,2";
			};
			name = Debug;
		};
		C6CBC2C62F23D00C003D53C0 /* Release */ = {
			isa = XCBuildConfiguration;
			buildSettings = {
				ASSETCATALOG_COMPILER_APPICON_NAME = AppIcon;
				ASSETCATALOG_COMPILER_GLOBAL_ACCENT_COLOR_NAME = AccentColor;
				CODE_SIGN_STYLE = Automatic;
				CURRENT_PROJECT_VERSION = 1;
				DEVELOPMENT_TEAM = WMWM33Z53V;
				ENABLE_PREVIEWS = YES;
				GENERATE_INFOPLIST_FILE = YES;
				INFOPLIST_KEY_UIApplicationSceneManifest_Generation = YES;
				INFOPLIST_KEY_UIApplicationSupportsIndirectInputEvents = YES;
				INFOPLIST_KEY_UILaunchScreen_Generation = YES;
				INFOPLIST_KEY_UISupportedInterfaceOrientations_iPad = "UIInterfaceOrientationPortrait UIInterfaceOrientationPortraitUpsideDown UIInterfaceOrientationLandscapeLeft UIInterfaceOrientationLandscapeRight";
				INFOPLIST_KEY_UISupportedInterfaceOrientations_iPhone = "UIInterfaceOrientationPortrait UIInterfaceOrientationLandscapeLeft UIInterfaceOrientationLandscapeRight";
				LD_RUNPATH_SEARCH_PATHS = (
					"$(inherited)",
					"@executable_path/Frameworks",
				);
				MARKETING_VERSION = 1.0;
				PRODUCT_BUNDLE_IDENTIFIER = "molivares.GRE-Verbal";
				PRODUCT_NAME = "$(TARGET_NAME)";
				STRING_CATALOG_GENERATE_SYMBOLS = YES;
				SWIFT_APPROACHABLE_CONCURRENCY = YES;
				SWIFT_DEFAULT_ACTOR_ISOLATION = MainActor;
				SWIFT_EMIT_LOC_STRINGS = YES;
				SWIFT_UPCOMING_FEATURE_MEMBER_IMPORT_VISIBILITY = YES;
				SWIFT_VERSION = 5.0;
				TARGETED_DEVICE_FAMILY = "1,2";
			};
			name = Release;
		};
		C6CBC2C82F23D00C003D53C0 /* Debug */ = {
			isa = XCBuildConfiguration;
			buildSettings = {
				BUNDLE_LOADER = "$(TEST_HOST)";
				CODE_SIGN_STYLE = Automatic;
				CURRENT_PROJECT_VERSION = 1;
				DEVELOPMENT_TEAM = WMWM33Z53V;
				GENERATE_INFOPLIST_FILE = YES;
				IPHONEOS_DEPLOYMENT_TARGET = 26.0;
				MARKETING_VERSION = 1.0;
				PRODUCT_BUNDLE_IDENTIFIER = "molivares.GRE-VerbalTests";
				PRODUCT_NAME = "$(TARGET_NAME)";
				STRING_CATALOG_GENERATE_SYMBOLS = NO;
				SWIFT_APPROACHABLE_CONCURRENCY = YES;
				SWIFT_EMIT_LOC_STRINGS = NO;
				SWIFT_UPCOMING_FEATURE_MEMBER_IMPORT_VISIBILITY = YES;
				SWIFT_VERSION = 5.0;
				TARGETED_DEVICE_FAMILY = "1,2";
				TEST_HOST = "$(BUILT_PRODUCTS_DIR)/GRE Verbal.app/$(BUNDLE_EXECUTABLE_FOLDER_PATH)/GRE Verbal";
			};
			name = Debug;
		};
		C6CBC2C92F23D00C003D53C0 /* Release */ = {
			isa = XCBuildConfiguration;
			buildSettings = {
				BUNDLE_LOADER = "$(TEST_HOST)";
				CODE_SIGN_STYLE = Automatic;
				CURRENT_PROJECT_VERSION = 1;
				DEVELOPMENT_TEAM = WMWM33Z53V;
				GENERATE_INFOPLIST_FILE = YES;
				IPHONEOS_DEPLOYMENT_TARGET = 26.0;
				MARKETING_VERSION = 1.0;
				PRODUCT_BUNDLE_IDENTIFIER = "molivares.GRE-VerbalTests";
				PRODUCT_NAME = "$(TARGET_NAME)";
				STRING_CATALOG_GENERATE_SYMBOLS = NO;
				SWIFT_APPROACHABLE_CONCURRENCY = YES;
				SWIFT_EMIT_LOC_STRINGS = NO;
				SWIFT_UPCOMING_FEATURE_MEMBER_IMPORT_VISIBILITY = YES;
				SWIFT_VERSION = 5.0;
				TARGETED_DEVICE_FAMILY = "1,2";
				TEST_HOST = "$(BUILT_PRODUCTS_DIR)/GRE Verbal.app/$(BUNDLE_EXECUTABLE_FOLDER_PATH)/GRE Verbal";
			};
			name = Release;
		};
		C6CBC2CB2F23D00C003D53C0 /* Debug */ = {
			isa = XCBuildConfiguration;
			buildSettings = {
				CODE_SIGN_STYLE = Automatic;
				CURRENT_PROJECT_VERSION = 1;
				DEVELOPMENT_TEAM = WMWM33Z53V;
				GENERATE_INFOPLIST_FILE = YES;
				MARKETING_VERSION = 1.0;
				PRODUCT_BUNDLE_IDENTIFIER = "molivares.GRE-VerbalUITests";
				PRODUCT_NAME = "$(TARGET_NAME)";
				STRING_CATALOG_GENERATE_SYMBOLS = NO;
				SWIFT_APPROACHABLE_CONCURRENCY = YES;
				SWIFT_EMIT_LOC_STRINGS = NO;
				SWIFT_UPCOMING_FEATURE_MEMBER_IMPORT_VISIBILITY = YES;
				SWIFT_VERSION = 5.0;
				TARGETED_DEVICE_FAMILY = "1,2";
				TEST_TARGET_NAME = "GRE Verbal";
			};
			name = Debug;
		};
		C6CBC2CC2F23D00C003D53C0 /* Release */ = {
			isa = XCBuildConfiguration;
			buildSettings = {
				CODE_SIGN_STYLE = Automatic;
				CURRENT_PROJECT_VERSION = 1;
				DEVELOPMENT_TEAM = WMWM33Z53V;
				GENERATE_INFOPLIST_FILE = YES;
				MARKETING_VERSION = 1.0;
				PRODUCT_BUNDLE_IDENTIFIER = "molivares.GRE-VerbalUITests";
				PRODUCT_NAME = "$(TARGET_NAME)";
				STRING_CATALOG_GENERATE_SYMBOLS = NO;
				SWIFT_APPROACHABLE_CONCURRENCY = YES;
				SWIFT_EMIT_LOC_STRINGS = NO;
				SWIFT_UPCOMING_FEATURE_MEMBER_IMPORT_VISIBILITY = YES;
				SWIFT_VERSION = 5.0;
				TARGETED_DEVICE_FAMILY = "1,2";
				TEST_TARGET_NAME = "GRE Verbal";
			};
			name = Release;
		};
/* End XCBuildConfiguration section */

/* Begin XCConfigurationList section */
		C6CBC29E2F23D00B003D53C0 /* Build configuration list for PBXProject "GRE Verbal" */ = {
			isa = XCConfigurationList;
			buildConfigurations = (
				C6CBC2C22F23D00C003D53C0 /* Debug */,
				C6CBC2C32F23D00C003D53C0 /* Release */,
			);
			defaultConfigurationIsVisible = 0;
			defaultConfigurationName = Release;
		};
		C6CBC2C42F23D00C003D53C0 /* Build configuration list for PBXNativeTarget "GRE Verbal" */ = {
			isa = XCConfigurationList;
			buildConfigurations = (
				C6CBC2C52F23D00C003D53C0 /* Debug */,
				C6CBC2C62F23D00C003D53C0 /* Release */,
			);
			defaultConfigurationIsVisible = 0;
			defaultConfigurationName = Release;
		};
		C6CBC2C72F23D00C003D53C0 /* Build configuration list for PBXNativeTarget "GRE VerbalTests" */ = {
			isa = XCConfigurationList;
			buildConfigurations = (
				C6CBC2C82F23D00C003D53C0 /* Debug */,
				C6CBC2C92F23D00C003D53C0 /* Release */,
			);
			defaultConfigurationIsVisible = 0;
			defaultConfigurationName = Release;
		};
		C6CBC2CA2F23D00C003D53C0 /* Build configuration list for PBXNativeTarget "GRE VerbalUITests" */ = {
			isa = XCConfigurationList;
			buildConfigurations = (
				C6CBC2CB2F23D00C003D53C0 /* Debug */,
				C6CBC2CC2F23D00C003D53C0 /* Release */,
			);
			defaultConfigurationIsVisible = 0;
			defaultConfigurationName = Release;
		};
/* End XCConfigurationList section */
	};
	rootObject = C6CBC29B2F23D00B003D53C0 /* Project object */;
}
